
Microsoft Visual Studio Solution File, Format Version 11.00
# Visual Studio 2010
# SharpDevelop 4.0.0.6842
Project("{FAE04EC0-301F-11D3-BF4B-00C04F79EFBC}") = "nykamera", "nykamera\nykamera.csproj", "{0287B51E-2A41-4949-A6E5-6F8289235AD5}"
EndProject
Global
	GlobalSection(SolutionConfigurationPlatforms) = preSolution
		Debug|x86 = Debug|x86
		Release|x86 = Release|x86
	EndGlobalSection
	GlobalSection(ProjectConfigurationPlatforms) = postSolution
		{0287B51E-2A41-4949-A6E5-6F8289235AD5}.Debug|x86.Build.0 = Debug|x86
		{0287B51E-2A41-4949-A6E5-6F8289235AD5}.Debug|x86.ActiveCfg = Debug|x86
		{0287B51E-2A41-4949-A6E5-6F8289235AD5}.Release|x86.Build.0 = Release|x86
		{0287B51E-2A41-4949-A6E5-6F8289235AD5}.Release|x86.ActiveCfg = Release|x86
	EndGlobalSection
EndGlobal
